<?xml version="1.0" encoding="UTF-8"?>
<CONFIG>
 <ProjectOptions>
  <Version Value="12"/>
  <General><Title Value="test_drill"/><UseAppBundle Value="False"/><ResourceType Value="res"/></General>
  <BuildModes Count="1"><Item1 Name="Default" Default="True"/></BuildModes>
  <Units Count="1"><Unit0><Filename Value="test_drill.lpr"/><IsPartOfProject Value="True"/></Unit0></Units>
 </ProjectOptions>
 <CompilerOptions>
  <Version Value="11"/>
  <Target><Filename Value="test_drill"/></Target>
  <SearchPaths><OtherUnitFiles Value="../src/geom;../src/import;../src/drill"/><UnitOutputDirectory Value="lib/$(TargetCPU)-$(TargetOS)/test_drill"/></SearchPaths>
  <Parsing><SyntaxOptions><SyntaxMode Value="ObjFPC"/></SyntaxOptions></Parsing>
  <CodeGeneration><Checks><IOChecks Value="True"/><RangeChecks Value="True"/><OverflowChecks Value="True"/><StackChecks Value="True"/></Checks></CodeGeneration>
 </CompilerOptions>
</CONFIG>
