<?xml version="1.0" encoding="UTF-8"?>
<CONFIG>
 <ProjectOptions>
  <Version Value="12" />
  <General>
   <Title Value="MakeRouter" />
   <UseAppBundle Value="False" />
   <ResourceType Value="res" />
   <UseXPManifest Value="True" />
   <XPManifest>
    <DpiAware Value="True/PM_V2" />
    <TextName Value="Maurinsoft.MultiSuite.MakeRouter" />
    <TextDesc Value="MakeRouter" />
   </XPManifest>
   <Icon Value="0" />
  </General>
  <VersionInfo>
   <UseVersionInfo Value="True" />
   <MinorVersionNr Value="1" />
   <StringTable CompanyName="Maurinsoft" FileDescription="MakeRouter - projeto e usinagem de madeira" ProductName="MultiSuite" ProductVersion="0.01" />
  </VersionInfo>
  <BuildModes Count="1">
   <Item1 Name="Default" Default="True" />
  </BuildModes>
  <Units Count="1">
   <Unit0>
    <Filename Value="makerouter.lpr" />
    <IsPartOfProject Value="True" />
   </Unit0>
  </Units>
  <RequiredPackages Count="1">
   <Item1>
    <PackageName Value="LCL" />
   </Item1>
  </RequiredPackages>
 </ProjectOptions>
 <CompilerOptions>
  <Version Value="11" />
  <Target>
   <Filename Value="makerouter" />
  </Target>
  <SearchPaths>
   <OtherUnitFiles Value="../../../src/shared;../../../multisuite/src/core" />
   <UnitOutputDirectory Value="lib/$(TargetCPU)-$(TargetOS)" />
  </SearchPaths>
  <Parsing>
   <SyntaxOptions>
    <SyntaxMode Value="ObjFPC" />
   </SyntaxOptions>
  </Parsing>
  <Linking>
   <Options>
    <Win32>
     <GraphicApplication Value="True" />
    </Win32>
   </Options>
  </Linking>
 </CompilerOptions>
</CONFIG>
