<?xml version="1.0" encoding="UTF-8"?>
<CONFIG>
 <ProjectOptions>
  <Version Value="12" />
  <General>
   <Title Value="LaserPCB" />
   <UseAppBundle Value="False" />
   <ResourceType Value="res" />
  </General>
  <BuildModes Count="1">
   <Item1 Name="Default" Default="True" />
  </BuildModes>
  <Units Count="1">
   <Unit0>
    <Filename Value="laserpcb.lpr" />
    <IsPartOfProject Value="True" />
   </Unit0>
  </Units>
  <RequiredPackages Count="1">
   <Item1>
    <PackageName Value="LCL" />
   </Item1>
  </RequiredPackages>
 </ProjectOptions>
 <CompilerOptions>
  <Version Value="11" />
  <Target>
   <Filename Value="laserpcb" />
  </Target>
  <SearchPaths>
   <OtherUnitFiles Value="../core;../layout;../camera;../import;../export;../ui;../geom;../cam;../../../src/shared;../../../laserart/src/core;../../../multisuite/src/core" />
   <UnitOutputDirectory Value="lib/$(TargetCPU)-$(TargetOS)" />
  </SearchPaths>
  <Parsing>
   <SyntaxOptions>
    <SyntaxMode Value="ObjFPC" />
   </SyntaxOptions>
  </Parsing>
  <Linking>
   <Options>
    <Win32>
     <GraphicApplication Value="True" />
    </Win32>
   </Options>
  </Linking>
 </CompilerOptions>
</CONFIG>
