<?xml version="1.0" encoding="UTF-8"?>
<CONFIG>
 <ProjectOptions>
  <Version Value="12" />
  <General>
   <Title Value="LaserArt" />
   <UseAppBundle Value="False" />
   <ResourceType Value="res" />
   <UseXPManifest Value="True" />
   <XPManifest>
    <DpiAware Value="True/PM_V2" />
    <TextName Value="Maurinsoft.MultiSuite.LaserArt" />
    <TextDesc Value="LaserArt" />
   </XPManifest>
   <Icon Value="0" />
  </General>
  <VersionInfo>
   <UseVersionInfo Value="True" />
   <MinorVersionNr Value="2" />
   <StringTable CompanyName="Maurinsoft" FileDescription="LaserArt - arte para laser" ProductName="MultiSuite" ProductVersion="0.02" />
  </VersionInfo>
  <BuildModes Count="1">
   <Item1 Name="Default" Default="True" />
  </BuildModes>
  <Units Count="1">
   <Unit0>
    <Filename Value="laserart.lpr" />
    <IsPartOfProject Value="True" />
   </Unit0>
  </Units>
  <RequiredPackages Count="1">
   <Item1>
    <PackageName Value="LCL" />
   </Item1>
  </RequiredPackages>
 </ProjectOptions>
 <CompilerOptions>
  <Version Value="11" />
  <Target>
   <Filename Value="laserart" />
  </Target>
  <SearchPaths>
   <OtherUnitFiles Value="../core;../art;../ui;../layout;../import;../export;../../../src/shared;../../../multisuite/src/core" />
   <UnitOutputDirectory Value="lib/$(TargetCPU)-$(TargetOS)" />
  </SearchPaths>
  <Parsing>
   <SyntaxOptions>
    <SyntaxMode Value="ObjFPC" />
   </SyntaxOptions>
  </Parsing>
  <Linking>
   <Options>
    <Win32>
     <GraphicApplication Value="True" />
    </Win32>
   </Options>
  </Linking>
 </CompilerOptions>
</CONFIG>
